
Microsoft Visual Studio Solution File, Format Version 12.00
# Visual Studio Version 17
VisualStudioVersion = 17.0.31903.59
MinimumVisualStudioVersion = 10.0.40219.1
Project("{FAE04EC0-301F-11D3-BF4B-00C04F79EFBC}") = "DeviceControlService.Domain", "DeviceControlService.Domain\DeviceControlService.Domain.csproj", "{5C7FE430-712A-45E8-B8B0-802DF192ACA5}"
EndProject
Project("{FAE04EC0-301F-11D3-BF4B-00C04F79EFBC}") = "DeviceControlService.Application", "DeviceControlService.Application\DeviceControlService.Application.csproj", "{48E680C0-2948-4D6B-A5B7-BF1938B66068}"
EndProject
Project("{FAE04EC0-301F-11D3-BF4B-00C04F79EFBC}") = "DeviceControlService.Infrastructure", "DeviceControlService.Infrastructure\DeviceControlService.Infrastructure.csproj", "{A1D47E9E-3E98-40B9-B554-4AC6CAF2316E}"
EndProject
Project("{FAE04EC0-301F-11D3-BF4B-00C04F79EFBC}") = "DeviceControlService.Tests", "DeviceControlService.Tests\DeviceControlService.Tests.csproj", "{3DE6A851-C41D-4658-A821-CE6DD19A9192}"
EndProject
Global
	GlobalSection(SolutionConfigurationPlatforms) = preSolution
		Debug|Any CPU = Debug|Any CPU
		Debug|x64 = Debug|x64
		Debug|x86 = Debug|x86
		Release|Any CPU = Release|Any CPU
		Release|x64 = Release|x64
		Release|x86 = Release|x86
	EndGlobalSection
	GlobalSection(ProjectConfigurationPlatforms) = postSolution
		{5C7FE430-712A-45E8-B8B0-802DF192ACA5}.Debug|Any CPU.ActiveCfg = Debug|Any CPU
		{5C7FE430-712A-45E8-B8B0-802DF192ACA5}.Debug|Any CPU.Build.0 = Debug|Any CPU
		{5C7FE430-712A-45E8-B8B0-802DF192ACA5}.Debug|x64.ActiveCfg = Debug|Any CPU
		{5C7FE430-712A-45E8-B8B0-802DF192ACA5}.Debug|x64.Build.0 = Debug|Any CPU
		{5C7FE430-712A-45E8-B8B0-802DF192ACA5}.Debug|x86.ActiveCfg = Debug|Any CPU
		{5C7FE430-712A-45E8-B8B0-802DF192ACA5}.Debug|x86.Build.0 = Debug|Any CPU
		{5C7FE430-712A-45E8-B8B0-802DF192ACA5}.Release|Any CPU.ActiveCfg = Release|Any CPU
		{5C7FE430-712A-45E8-B8B0-802DF192ACA5}.Release|Any CPU.Build.0 = Release|Any CPU
		{5C7FE430-712A-45E8-B8B0-802DF192ACA5}.Release|x64.ActiveCfg = Release|Any CPU
		{5C7FE430-712A-45E8-B8B0-802DF192ACA5}.Release|x64.Build.0 = Release|Any CPU
		{5C7FE430-712A-45E8-B8B0-802DF192ACA5}.Release|x86.ActiveCfg = Release|Any CPU
		{5C7FE430-712A-45E8-B8B0-802DF192ACA5}.Release|x86.Build.0 = Release|Any CPU
		{48E680C0-2948-4D6B-A5B7-BF1938B66068}.Debug|Any CPU.ActiveCfg = Debug|Any CPU
		{48E680C0-2948-4D6B-A5B7-BF1938B66068}.Debug|Any CPU.Build.0 = Debug|Any CPU
		{48E680C0-2948-4D6B-A5B7-BF1938B66068}.Debug|x64.ActiveCfg = Debug|Any CPU
		{48E680C0-2948-4D6B-A5B7-BF1938B66068}.Debug|x64.Build.0 = Debug|Any CPU
		{48E680C0-2948-4D6B-A5B7-BF1938B66068}.Debug|x86.ActiveCfg = Debug|Any CPU
		{48E680C0-2948-4D6B-A5B7-BF1938B66068}.Debug|x86.Build.0 = Debug|Any CPU
		{48E680C0-2948-4D6B-A5B7-BF1938B66068}.Release|Any CPU.ActiveCfg = Release|Any CPU
		{48E680C0-2948-4D6B-A5B7-BF1938B66068}.Release|Any CPU.Build.0 = Release|Any CPU
		{48E680C0-2948-4D6B-A5B7-BF1938B66068}.Release|x64.ActiveCfg = Release|Any CPU
		{48E680C0-2948-4D6B-A5B7-BF1938B66068}.Release|x64.Build.0 = Release|Any CPU
		{48E680C0-2948-4D6B-A5B7-BF1938B66068}.Release|x86.ActiveCfg = Release|Any CPU
		{48E680C0-2948-4D6B-A5B7-BF1938B66068}.Release|x86.Build.0 = Release|Any CPU
		{A1D47E9E-3E98-40B9-B554-4AC6CAF2316E}.Debug|Any CPU.ActiveCfg = Debug|Any CPU
		{A1D47E9E-3E98-40B9-B554-4AC6CAF2316E}.Debug|Any CPU.Build.0 = Debug|Any CPU
		{A1D47E9E-3E98-40B9-B554-4AC6CAF2316E}.Debug|x64.ActiveCfg = Debug|Any CPU
		{A1D47E9E-3E98-40B9-B554-4AC6CAF2316E}.Debug|x64.Build.0 = Debug|Any CPU
		{A1D47E9E-3E98-40B9-B554-4AC6CAF2316E}.Debug|x86.ActiveCfg = Debug|Any CPU
		{A1D47E9E-3E98-40B9-B554-4AC6CAF2316E}.Debug|x86.Build.0 = Debug|Any CPU
		{A1D47E9E-3E98-40B9-B554-4AC6CAF2316E}.Release|Any CPU.ActiveCfg = Release|Any CPU
		{A1D47E9E-3E98-40B9-B554-4AC6CAF2316E}.Release|Any CPU.Build.0 = Release|Any CPU
		{A1D47E9E-3E98-40B9-B554-4AC6CAF2316E}.Release|x64.ActiveCfg = Release|Any CPU
		{A1D47E9E-3E98-40B9-B554-4AC6CAF2316E}.Release|x64.Build.0 = Release|Any CPU
		{A1D47E9E-3E98-40B9-B554-4AC6CAF2316E}.Release|x86.ActiveCfg = Release|Any CPU
		{A1D47E9E-3E98-40B9-B554-4AC6CAF2316E}.Release|x86.Build.0 = Release|Any CPU
		{3DE6A851-C41D-4658-A821-CE6DD19A9192}.Debug|Any CPU.ActiveCfg = Debug|Any CPU
		{3DE6A851-C41D-4658-A821-CE6DD19A9192}.Debug|Any CPU.Build.0 = Debug|Any CPU
		{3DE6A851-C41D-4658-A821-CE6DD19A9192}.Debug|x64.ActiveCfg = Debug|Any CPU
		{3DE6A851-C41D-4658-A821-CE6DD19A9192}.Debug|x64.Build.0 = Debug|Any CPU
		{3DE6A851-C41D-4658-A821-CE6DD19A9192}.Debug|x86.ActiveCfg = Debug|Any CPU
		{3DE6A851-C41D-4658-A821-CE6DD19A9192}.Debug|x86.Build.0 = Debug|Any CPU
		{3DE6A851-C41D-4658-A821-CE6DD19A9192}.Release|Any CPU.ActiveCfg = Release|Any CPU
		{3DE6A851-C41D-4658-A821-CE6DD19A9192}.Release|Any CPU.Build.0 = Release|Any CPU
		{3DE6A851-C41D-4658-A821-CE6DD19A9192}.Release|x64.ActiveCfg = Release|Any CPU
		{3DE6A851-C41D-4658-A821-CE6DD19A9192}.Release|x64.Build.0 = Release|Any CPU
		{3DE6A851-C41D-4658-A821-CE6DD19A9192}.Release|x86.ActiveCfg = Release|Any CPU
		{3DE6A851-C41D-4658-A821-CE6DD19A9192}.Release|x86.Build.0 = Release|Any CPU
	EndGlobalSection
	GlobalSection(SolutionProperties) = preSolution
		HideSolutionNode = FALSE
	EndGlobalSection
EndGlobal
